
Microsoft Visual Studio Solution File, Format Version 12.00
# Visual Studio Version 16
VisualStudioVersion = 16.0.30503.244
MinimumVisualStudioVersion = 10.0.40219.1
Project("{FAE04EC0-301F-11D3-BF4B-00C04F79EFBC}") = "Hahn.ApplicatonProcess.December2020.Web", "Hahn.ApplicatonProcess.December2020.Web\Hahn.ApplicatonProcess.December2020.Web.csproj", "{D354820A-0867-4B28-97DE-8721154446A5}"
EndProject
Project("{FAE04EC0-301F-11D3-BF4B-00C04F79EFBC}") = "Hahn.ApplicatonProcess.December2020.Data", "Hahn.ApplicatonProcess.December2020.Data\Hahn.ApplicatonProcess.December2020.Data.csproj", "{D7958A74-E5C1-4521-898F-BF5446A8047F}"
EndProject
Project("{FAE04EC0-301F-11D3-BF4B-00C04F79EFBC}") = "Hahn.ApplicatonProcess.December2020.Domain", "Hahn.ApplicatonProcess.December2020.Domain\Hahn.ApplicatonProcess.December2020.Domain.csproj", "{A67DAA89-AB99-40FB-978C-EB11BEE7EBF2}"
EndProject
Global
	GlobalSection(SolutionConfigurationPlatforms) = preSolution
		Debug|Any CPU = Debug|Any CPU
		Release|Any CPU = Release|Any CPU
	EndGlobalSection
	GlobalSection(ProjectConfigurationPlatforms) = postSolution
		{D354820A-0867-4B28-97DE-8721154446A5}.Debug|Any CPU.ActiveCfg = Debug|Any CPU
		{D354820A-0867-4B28-97DE-8721154446A5}.Debug|Any CPU.Build.0 = Debug|Any CPU
		{D354820A-0867-4B28-97DE-8721154446A5}.Release|Any CPU.ActiveCfg = Release|Any CPU
		{D354820A-0867-4B28-97DE-8721154446A5}.Release|Any CPU.Build.0 = Release|Any CPU
		{D7958A74-E5C1-4521-898F-BF5446A8047F}.Debug|Any CPU.ActiveCfg = Debug|Any CPU
		{D7958A74-E5C1-4521-898F-BF5446A8047F}.Debug|Any CPU.Build.0 = Debug|Any CPU
		{D7958A74-E5C1-4521-898F-BF5446A8047F}.Release|Any CPU.ActiveCfg = Release|Any CPU
		{D7958A74-E5C1-4521-898F-BF5446A8047F}.Release|Any CPU.Build.0 = Release|Any CPU
		{A67DAA89-AB99-40FB-978C-EB11BEE7EBF2}.Debug|Any CPU.ActiveCfg = Debug|Any CPU
		{A67DAA89-AB99-40FB-978C-EB11BEE7EBF2}.Debug|Any CPU.Build.0 = Debug|Any CPU
		{A67DAA89-AB99-40FB-978C-EB11BEE7EBF2}.Release|Any CPU.ActiveCfg = Release|Any CPU
		{A67DAA89-AB99-40FB-978C-EB11BEE7EBF2}.Release|Any CPU.Build.0 = Release|Any CPU
	EndGlobalSection
	GlobalSection(SolutionProperties) = preSolution
		HideSolutionNode = FALSE
	EndGlobalSection
	GlobalSection(ExtensibilityGlobals) = postSolution
		SolutionGuid = {F8590C91-0E72-4AD1-AE26-B4EF18D491E2}
	EndGlobalSection
EndGlobal
